// !$*UTF8*$!
{
	archiveVersion = 1;
	classes = {
	};
	objectVersion = 56;
	objects = {

/* Begin PBXBuildFile section */
		7C4AB8E32AD6FE8100F389E1 /* Model.swift in Sources */ = {isa = PBXBuildFile; fileRef = 7C4AB8E22AD6FE8100F389E1 /* Model.swift */; };
		7C4AB8E52AD7066900F389E1 /* BioViewController.swift in Sources */ = {isa = PBXBuildFile; fileRef = 7C4AB8E42AD7066900F389E1 /* BioViewController.swift */; };
		7C4AB8E72AD7068900F389E1 /* AboutViewController.swift in Sources */ = {isa = PBXBuildFile; fileRef = 7C4AB8E62AD7068900F389E1 /* AboutViewController.swift */; };
		7C6F42762ACFE4A900ACFCAC /* AppDelegate.swift in Sources */ = {isa = PBXBuildFile; fileRef = 7C6F42752ACFE4A900ACFCAC /* AppDelegate.swift */; };
		7C6F42782ACFE4A900ACFCAC /* SceneDelegate.swift in Sources */ = {isa = PBXBuildFile; fileRef = 7C6F42772ACFE4A900ACFCAC /* SceneDelegate.swift */; };
		7C6F427A2ACFE4A900ACFCAC /* LoginViewController.swift in Sources */ = {isa = PBXBuildFile; fileRef = 7C6F42792ACFE4A900ACFCAC /* LoginViewController.swift */; };
		7C6F427D2ACFE4A900ACFCAC /* Main.storyboard in Resources */ = {isa = PBXBuildFile; fileRef = 7C6F427B2ACFE4A900ACFCAC /* Main.storyboard */; };
		7C6F427F2ACFE4AB00ACFCAC /* Assets.xcassets in Resources */ = {isa = PBXBuildFile; fileRef = 7C6F427E2ACFE4AB00ACFCAC /* Assets.xcassets */; };
		7C6F42822ACFE4AB00ACFCAC /* LaunchScreen.storyboard in Resources */ = {isa = PBXBuildFile; fileRef = 7C6F42802ACFE4AB00ACFCAC /* LaunchScreen.storyboard */; };
		7C864AEB2AD025D4007207F2 /* WelcomeViewController.swift in Sources */ = {isa = PBXBuildFile; fileRef = 7C864AEA2AD025D4007207F2 /* WelcomeViewController.swift */; };
/* End PBXBuildFile section */

/* Begin PBXFileReference section */
		7C4AB8E22AD6FE8100F389E1 /* Model.swift */ = {isa = PBXFileReference; lastKnownFileType = sourcecode.swift; path = Model.swift; sourceTree = "<group>"; };
		7C4AB8E42AD7066900F389E1 /* BioViewController.swift */ = {isa = PBXFileReference; lastKnownFileType = sourcecode.swift; path = BioViewController.swift; sourceTree = "<group>"; };
		7C4AB8E62AD7068900F389E1 /* AboutViewController.swift */ = {isa = PBXFileReference; lastKnownFileType = sourcecode.swift; path = AboutViewController.swift; sourceTree = "<group>"; };
		7C6F42722ACFE4A900ACFCAC /* welcomeApp.app */ = {isa = PBXFileReference; explicitFileType = wrapper.application; includeInIndex = 0; path = welcomeApp.app; sourceTree = BUILT_PRODUCTS_DIR; };
		7C6F42752ACFE4A900ACFCAC /* AppDelegate.swift */ = {isa = PBXFileReference; lastKnownFileType = sourcecode.swift; path = AppDelegate.swift; sourceTree = "<group>"; };
		7C6F42772ACFE4A900ACFCAC /* SceneDelegate.swift */ = {isa = PBXFileReference; lastKnownFileType = sourcecode.swift; path = SceneDelegate.swift; sourceTree = "<group>"; };
		7C6F42792ACFE4A900ACFCAC /* LoginViewController.swift */ = {isa = PBXFileReference; lastKnownFileType = sourcecode.swift; path = LoginViewController.swift; sourceTree = "<group>"; };
		7C6F427C2ACFE4A900ACFCAC /* Base */ = {isa = PBXFileReference; lastKnownFileType = file.storyboard; name = Base; path = Base.lproj/Main.storyboard; sourceTree = "<group>"; };
		7C6F427E2ACFE4AB00ACFCAC /* Assets.xcassets */ = {isa = PBXFileReference; lastKnownFileType = folder.assetcatalog; path = Assets.xcassets; sourceTree = "<group>"; };
		7C6F42812ACFE4AB00ACFCAC /* Base */ = {isa = PBXFileReference; lastKnownFileType = file.storyboard; name = Base; path = Base.lproj/LaunchScreen.storyboard; sourceTree = "<group>"; };
		7C6F42832ACFE4AB00ACFCAC /* Info.plist */ = {isa = PBXFileReference; lastKnownFileType = text.plist.xml; path = Info.plist; sourceTree = "<group>"; };
		7C864AEA2AD025D4007207F2 /* WelcomeViewController.swift */ = {isa = PBXFileReference; lastKnownFileType = sourcecode.swift; path = WelcomeViewController.swift; sourceTree = "<group>"; };
/* End PBXFileReference section */

/* Begin PBXFrameworksBuildPhase section */
		7C6F426F2ACFE4A900ACFCAC /* Frameworks */ = {
			isa = PBXFrameworksBuildPhase;
			buildActionMask = 2147483647;
			files = (
			);
			runOnlyForDeploymentPostprocessing = 0;
		};
/* End PBXFrameworksBuildPhase section */

/* Begin PBXGroup section */
		7C6F42692ACFE4A900ACFCAC = {
			isa = PBXGroup;
			children = (
				7C6F42742ACFE4A900ACFCAC /* welcomeApp */,
				7C6F42732ACFE4A900ACFCAC /* Products */,
			);
			sourceTree = "<group>";
		};
		7C6F42732ACFE4A900ACFCAC /* Products */ = {
			isa = PBXGroup;
			children = (
				7C6F42722ACFE4A900ACFCAC /* welcomeApp.app */,
			);
			name = Products;
			sourceTree = "<group>";
		};
		7C6F42742ACFE4A900ACFCAC /* welcomeApp */ = {
			isa = PBXGroup;
			children = (
				7C6F42752ACFE4A900ACFCAC /* AppDelegate.swift */,
				7C6F42772ACFE4A900ACFCAC /* SceneDelegate.swift */,
				7C6F42792ACFE4A900ACFCAC /* LoginViewController.swift */,
				7C864AEA2AD025D4007207F2 /* WelcomeViewController.swift */,
				7C6F427B2ACFE4A900ACFCAC /* Main.storyboard */,
				7C4AB8E42AD7066900F389E1 /* BioViewController.swift */,
				7C4AB8E62AD7068900F389E1 /* AboutViewController.swift */,
				7C4AB8E22AD6FE8100F389E1 /* Model.swift */,
				7C6F427E2ACFE4AB00ACFCAC /* Assets.xcassets */,
				7C6F42802ACFE4AB00ACFCAC /* LaunchScreen.storyboard */,
				7C6F42832ACFE4AB00ACFCAC /* Info.plist */,
			);
			path = welcomeApp;
			sourceTree = "<group>";
		};
/* End PBXGroup section */

/* Begin PBXNativeTarget section */
		7C6F42712ACFE4A900ACFCAC /* welcomeApp */ = {
			isa = PBXNativeTarget;
			buildConfigurationList = 7C6F42862ACFE4AB00ACFCAC /* Build configuration list for PBXNativeTarget "welcomeApp" */;
			buildPhases = (
				7C6F426E2ACFE4A900ACFCAC /* Sources */,
				7C6F426F2ACFE4A900ACFCAC /* Frameworks */,
				7C6F42702ACFE4A900ACFCAC /* Resources */,
			);
			buildRules = (
			);
			dependencies = (
			);
			name = welcomeApp;
			productName = welcomeApp;
			productReference = 7C6F42722ACFE4A900ACFCAC /* welcomeApp.app */;
			productType = "com.apple.product-type.application";
		};
/* End PBXNativeTarget section */

/* Begin PBXProject section */
		7C6F426A2ACFE4A900ACFCAC /* Project object */ = {
			isa = PBXProject;
			attributes = {
				BuildIndependentTargetsInParallel = 1;
				LastSwiftUpdateCheck = 1500;
				LastUpgradeCheck = 1500;
				TargetAttributes = {
					7C6F42712ACFE4A900ACFCAC = {
						CreatedOnToolsVersion = 15.0;
					};
				};
			};
			buildConfigurationList = 7C6F426D2ACFE4A900ACFCAC /* Build configuration list for PBXProject "welcomeApp" */;
			compatibilityVersion = "Xcode 14.0";
			developmentRegion = en;
			hasScannedForEncodings = 0;
			knownRegions = (
				en,
				Base,
			);
			mainGroup = 7C6F42692ACFE4A900ACFCAC;
			productRefGroup = 7C6F42732ACFE4A900ACFCAC /* Products */;
			projectDirPath = "";
			projectRoot = "";
			targets = (
				7C6F42712ACFE4A900ACFCAC /* welcomeApp */,
			);
		};
/* End PBXProject section */

/* Begin PBXResourcesBuildPhase section */
		7C6F42702ACFE4A900ACFCAC /* Resources */ = {
			isa = PBXResourcesBuildPhase;
			buildActionMask = 2147483647;
			files = (
				7C6F42822ACFE4AB00ACFCAC /* LaunchScreen.storyboard in Resources */,
				7C6F427F2ACFE4AB00ACFCAC /* Assets.xcassets in Resources */,
				7C6F427D2ACFE4A900ACFCAC /* Main.storyboard in Resources */,
			);
			runOnlyForDeploymentPostprocessing = 0;
		};
/* End PBXResourcesBuildPhase section */

/* Begin PBXSourcesBuildPhase section */
		7C6F426E2ACFE4A900ACFCAC /* Sources */ = {
			isa = PBXSourcesBuildPhase;
			buildActionMask = 2147483647;
			files = (
				7C4AB8E32AD6FE8100F389E1 /* Model.swift in Sources */,
				7C6F427A2ACFE4A900ACFCAC /* LoginViewController.swift in Sources */,
				7C864AEB2AD025D4007207F2 /* WelcomeViewController.swift in Sources */,
				7C4AB8E72AD7068900F389E1 /* AboutViewController.swift in Sources */,
				7C6F42762ACFE4A900ACFCAC /* AppDelegate.swift in Sources */,
				7C6F42782ACFE4A900ACFCAC /* SceneDelegate.swift in Sources */,
				7C4AB8E52AD7066900F389E1 /* BioViewController.swift in Sources */,
			);
			runOnlyForDeploymentPostprocessing = 0;
		};
/* End PBXSourcesBuildPhase section */

/* Begin PBXVariantGroup section */
		7C6F427B2ACFE4A900ACFCAC /* Main.storyboard */ = {
			isa = PBXVariantGroup;
			children = (
				7C6F427C2ACFE4A900ACFCAC /* Base */,
			);
			name = Main.storyboard;
			sourceTree = "<group>";
		};
		7C6F42802ACFE4AB00ACFCAC /* LaunchScreen.storyboard */ = {
			isa = PBXVariantGroup;
			children = (
				7C6F42812ACFE4AB00ACFCAC /* Base */,
			);
			name = LaunchScreen.storyboard;
			sourceTree = "<group>";
		};
/* End PBXVariantGroup section */

/* Begin XCBuildConfiguration section */
		7C6F42842ACFE4AB00ACFCAC /* Debug */ = {
			isa = XCBuildConfiguration;
			buildSettings = {
				ALWAYS_SEARCH_USER_PATHS = NO;
				ASSETCATALOG_COMPILER_GENERATE_SWIFT_ASSET_SYMBOL_EXTENSIONS = YES;
				CLANG_ANALYZER_NONNULL = YES;
				CLANG_ANALYZER_NUMBER_OBJECT_CONVERSION = YES_AGGRESSIVE;
				CLANG_CXX_LANGUAGE_STANDARD = "gnu++20";
				CLANG_ENABLE_MODULES = YES;
				CLANG_ENABLE_OBJC_ARC = YES;
				CLANG_ENABLE_OBJC_WEAK = YES;
				CLANG_WARN_BLOCK_CAPTURE_AUTORELEASING = YES;
				CLANG_WARN_BOOL_CONVERSION = YES;
				CLANG_WARN_COMMA = YES;
				CLANG_WARN_CONSTANT_CONVERSION = YES;
				CLANG_WARN_DEPRECATED_OBJC_IMPLEMENTATIONS = YES;
				CLANG_WARN_DIRECT_OBJC_ISA_USAGE = YES_ERROR;
				CLANG_WARN_DOCUMENTATION_COMMENTS = YES;
				CLANG_WARN_EMPTY_BODY = YES;
				CLANG_WARN_ENUM_CONVERSION = YES;
				CLANG_WARN_INFINITE_RECURSION = YES;
				CLANG_WARN_INT_CONVERSION = YES;
				CLANG_WARN_NON_LITERAL_NULL_CONVERSION = YES;
				CLANG_WARN_OBJC_IMPLICIT_RETAIN_SELF = YES;
				CLANG_WARN_OBJC_LITERAL_CONVERSION = YES;
				CLANG_WARN_OBJC_ROOT_CLASS = YES_ERROR;
				CLANG_WARN_QUOTED_INCLUDE_IN_FRAMEWORK_HEADER = YES;
				CLANG_WARN_RANGE_LOOP_ANALYSIS = YES;
				CLANG_WARN_STRICT_PROTOTYPES = YES;
				CLANG_WARN_SUSPICIOUS_MOVE = YES;
				CLANG_WARN_UNGUARDED_AVAILABILITY = YES_AGGRESSIVE;
				CLANG_WARN_UNREACHABLE_CODE = YES;
				CLANG_WARN__DUPLICATE_METHOD_MATCH = YES;
				COPY_PHASE_STRIP = NO;
				DEBUG_INFORMATION_FORMAT = dwarf;
				ENABLE_STRICT_OBJC_MSGSEND = YES;
				ENABLE_TESTABILITY = YES;
				ENABLE_USER_SCRIPT_SANDBOXING = YES;
				GCC_C_LANGUAGE_STANDARD = gnu17;
				GCC_DYNAMIC_NO_PIC = NO;
				GCC_NO_COMMON_BLOCKS = YES;
				GCC_OPTIMIZATION_LEVEL = 0;
				GCC_PREPROCESSOR_DEFINITIONS = (
					"DEBUG=1",
					"$(inherited)",
				);
				GCC_WARN_64_TO_32_BIT_CONVERSION = YES;
				GCC_WARN_ABOUT_RETURN_TYPE = YES_ERROR;
				GCC_WARN_UNDECLARED_SELECTOR = YES;
				GCC_WARN_UNINITIALIZED_AUTOS = YES_AGGRESSIVE;
				GCC_WARN_UNUSED_FUNCTION = YES;
				GCC_WARN_UNUSED_VARIABLE = YES;
				IPHONEOS_DEPLOYMENT_TARGET = 17.0;
				LOCALIZATION_PREFERS_STRING_CATALOGS = YES;
				MTL_ENABLE_DEBUG_INFO = INCLUDE_SOURCE;
				MTL_FAST_MATH = YES;
				ONLY_ACTIVE_ARCH = YES;
				SDKROOT = iphoneos;
				SWIFT_ACTIVE_COMPILATION_CONDITIONS = "DEBUG $(inherited)";
				SWIFT_OPTIMIZATION_LEVEL = "-Onone";
			};
			name = Debug;
		};
		7C6F42852ACFE4AB00ACFCAC /* Release */ = {
			isa = XCBuildConfiguration;
			buildSettings = {
				ALWAYS_SEARCH_USER_PATHS = NO;
				ASSETCATALOG_COMPILER_GENERATE_SWIFT_ASSET_SYMBOL_EXTENSIONS = YES;
				CLANG_ANALYZER_NONNULL = YES;
				CLANG_ANALYZER_NUMBER_OBJECT_CONVERSION = YES_AGGRESSIVE;
				CLANG_CXX_LANGUAGE_STANDARD = "gnu++20";
				CLANG_ENABLE_MODULES = YES;
				CLANG_ENABLE_OBJC_ARC = YES;
				CLANG_ENABLE_OBJC_WEAK = YES;
				CLANG_WARN_BLOCK_CAPTURE_AUTORELEASING = YES;
				CLANG_WARN_BOOL_CONVERSION = YES;
				CLANG_WARN_COMMA = YES;
				CLANG_WARN_CONSTANT_CONVERSION = YES;
				CLANG_WARN_DEPRECATED_OBJC_IMPLEMENTATIONS = YES;
				CLANG_WARN_DIRECT_OBJC_ISA_USAGE = YES_ERROR;
				CLANG_WARN_DOCUMENTATION_COMMENTS = YES;
				CLANG_WARN_EMPTY_BODY = YES;
				CLANG_WARN_ENUM_CONVERSION = YES;
				CLANG_WARN_INFINITE_RECURSION = YES;
				CLANG_WARN_INT_CONVERSION = YES;
				CLANG_WARN_NON_LITERAL_NULL_CONVERSION = YES;
				CLANG_WARN_OBJC_IMPLICIT_RETAIN_SELF = YES;
				CLANG_WARN_OBJC_LITERAL_CONVERSION = YES;
				CLANG_WARN_OBJC_ROOT_CLASS = YES_ERROR;
				CLANG_WARN_QUOTED_INCLUDE_IN_FRAMEWORK_HEADER = YES;
				CLANG_WARN_RANGE_LOOP_ANALYSIS = YES;
				CLANG_WARN_STRICT_PROTOTYPES = YES;
				CLANG_WARN_SUSPICIOUS_MOVE = YES;
				CLANG_WARN_UNGUARDED_AVAILABILITY = YES_AGGRESSIVE;
				CLANG_WARN_UNREACHABLE_CODE = YES;
				CLANG_WARN__DUPLICATE_METHOD_MATCH = YES;
				COPY_PHASE_STRIP = NO;
				DEBUG_INFORMATION_FORMAT = "dwarf-with-dsym";
				ENABLE_NS_ASSERTIONS = NO;
				ENABLE_STRICT_OBJC_MSGSEND = YES;
				ENABLE_USER_SCRIPT_SANDBOXING = YES;
				GCC_C_LANGUAGE_STANDARD = gnu17;
				GCC_NO_COMMON_BLOCKS = YES;
				GCC_WARN_64_TO_32_BIT_CONVERSION = YES;
				GCC_WARN_ABOUT_RETURN_TYPE = YES_ERROR;
				GCC_WARN_UNDECLARED_SELECTOR = YES;
				GCC_WARN_UNINITIALIZED_AUTOS = YES_AGGRESSIVE;
				GCC_WARN_UNUSED_FUNCTION = YES;
				GCC_WARN_UNUSED_VARIABLE = YES;
				IPHONEOS_DEPLOYMENT_TARGET = 17.0;
				LOCALIZATION_PREFERS_STRING_CATALOGS = YES;
				MTL_ENABLE_DEBUG_INFO = NO;
				MTL_FAST_MATH = YES;
				SDKROOT = iphoneos;
				SWIFT_COMPILATION_MODE = wholemodule;
				VALIDATE_PRODUCT = YES;
			};
			name = Release;
		};
		7C6F42872ACFE4AB00ACFCAC /* Debug */ = {
			isa = XCBuildConfiguration;
			buildSettings = {
				ASSETCATALOG_COMPILER_APPICON_NAME = AppIcon;
				ASSETCATALOG_COMPILER_GLOBAL_ACCENT_COLOR_NAME = AccentColor;
				CODE_SIGN_STYLE = Automatic;
				CURRENT_PROJECT_VERSION = 1;
				DEVELOPMENT_TEAM = AX9Y7R4RY2;
				GENERATE_INFOPLIST_FILE = YES;
				INFOPLIST_FILE = welcomeApp/Info.plist;
				INFOPLIST_KEY_UIApplicationSupportsIndirectInputEvents = YES;
				INFOPLIST_KEY_UILaunchStoryboardName = LaunchScreen;
				INFOPLIST_KEY_UIMainStoryboardFile = Main;
				INFOPLIST_KEY_UISupportedInterfaceOrientations = UIInterfaceOrientationPortrait;
				INFOPLIST_KEY_UISupportedInterfaceOrientations_iPad = "UIInterfaceOrientationLandscapeLeft UIInterfaceOrientationLandscapeRight UIInterfaceOrientationPortrait UIInterfaceOrientationPortraitUpsideDown";
				LD_RUNPATH_SEARCH_PATHS = (
					"$(inherited)",
					"@executable_path/Frameworks",
				);
				MARKETING_VERSION = 1.0;
				PRODUCT_BUNDLE_IDENTIFIER = ALtipoj.welcomeApp;
				PRODUCT_NAME = "$(TARGET_NAME)";
				SUPPORTED_PLATFORMS = "iphoneos iphonesimulator";
				SUPPORTS_MACCATALYST = NO;
				SUPPORTS_MAC_DESIGNED_FOR_IPHONE_IPAD = NO;
				SWIFT_EMIT_LOC_STRINGS = YES;
				SWIFT_VERSION = 5.0;
				TARGETED_DEVICE_FAMILY = 1;
			};
			name = Debug;
		};
		7C6F42882ACFE4AB00ACFCAC /* Release */ = {
			isa = XCBuildConfiguration;
			buildSettings = {
				ASSETCATALOG_COMPILER_APPICON_NAME = AppIcon;
				ASSETCATALOG_COMPILER_GLOBAL_ACCENT_COLOR_NAME = AccentColor;
				CODE_SIGN_STYLE = Automatic;
				CURRENT_PROJECT_VERSION = 1;
				DEVELOPMENT_TEAM = AX9Y7R4RY2;
				GENERATE_INFOPLIST_FILE = YES;
				INFOPLIST_FILE = welcomeApp/Info.plist;
				INFOPLIST_KEY_UIApplicationSupportsIndirectInputEvents = YES;
				INFOPLIST_KEY_UILaunchStoryboardName = LaunchScreen;
				INFOPLIST_KEY_UIMainStoryboardFile = Main;
				INFOPLIST_KEY_UISupportedInterfaceOrientations = UIInterfaceOrientationPortrait;
				INFOPLIST_KEY_UISupportedInterfaceOrientations_iPad = "UIInterfaceOrientationLandscapeLeft UIInterfaceOrientationLandscapeRight UIInterfaceOrientationPortrait UIInterfaceOrientationPortraitUpsideDown";
				LD_RUNPATH_SEARCH_PATHS = (
					"$(inherited)",
					"@executable_path/Frameworks",
				);
				MARKETING_VERSION = 1.0;
				PRODUCT_BUNDLE_IDENTIFIER = ALtipoj.welcomeApp;
				PRODUCT_NAME = "$(TARGET_NAME)";
				SUPPORTED_PLATFORMS = "iphoneos iphonesimulator";
				SUPPORTS_MACCATALYST = NO;
				SUPPORTS_MAC_DESIGNED_FOR_IPHONE_IPAD = NO;
				SWIFT_EMIT_LOC_STRINGS = YES;
				SWIFT_VERSION = 5.0;
				TARGETED_DEVICE_FAMILY = 1;
			};
			name = Release;
		};
/* End XCBuildConfiguration section */

/* Begin XCConfigurationList section */
		7C6F426D2ACFE4A900ACFCAC /* Build configuration list for PBXProject "welcomeApp" */ = {
			isa = XCConfigurationList;
			buildConfigurations = (
				7C6F42842ACFE4AB00ACFCAC /* Debug */,
				7C6F42852ACFE4AB00ACFCAC /* Release */,
			);
			defaultConfigurationIsVisible = 0;
			defaultConfigurationName = Release;
		};
		7C6F42862ACFE4AB00ACFCAC /* Build configuration list for PBXNativeTarget "welcomeApp" */ = {
			isa = XCConfigurationList;
			buildConfigurations = (
				7C6F42872ACFE4AB00ACFCAC /* Debug */,
				7C6F42882ACFE4AB00ACFCAC /* Release */,
			);
			defaultConfigurationIsVisible = 0;
			defaultConfigurationName = Release;
		};
/* End XCConfigurationList section */
	};
	rootObject = 7C6F426A2ACFE4A900ACFCAC /* Project object */;
}
